{
    "_readme": [
        "This file locks the dependencies of your project to a known state",
        "Read more about it at https://getcomposer.org/doc/01-basic-usage.md#installing-dependencies",
        "This file is @generated automatically"
    ],
    "content-hash": "f387ececba391697e0bad01c45c7457e",
    "packages": [
        {
            "name": "dvikan/simple-parts",
            "version": "dev-master",
            "dist": {
                "type": "path",
                "url": "../simple-parts",
                "reference": "01c4182226185b5e103a6838064988548ebd05c5"
            },
            "require": {
                "ext-curl": "*",
                "ext-imap": "*",
                "ext-json": "*",
                "ext-libxml": "*",
                "ext-mbstring": "*",
                "ext-pdo": "*",
                "ext-simplexml": "*"
            },
            "type": "library",
            "autoload": {
                "psr-4": {
                    "dvikan\\SimpleParts\\": [
                        "src",
                        "src/cache",
                        "src/common",
                        "src/console",
                        "src/container",
                        "src/error-handler",
                        "src/file",
                        "src/http",
                        "src/json",
                        "src/logger",
                        "src/migrator",
                        "src/renderer/",
                        "src/router/",
                        "src/rss",
                        "src/session",
                        "src/shell"
                    ]
                },
                "files": [
                    "src/renderer/functions.php"
                ]
            },
            "scripts": {
                "test": [
                    "phpunit"
                ]
            },
            "license": [
                "MIT"
            ],
            "description": "Simple components for building applications",
            "transport-options": {
                "relative": true
            }
        },
        {
            "name": "dvikan/simple-static-site-generator",
            "version": "dev-main",
            "dist": {
                "type": "path",
                "url": "../simple-static-site-generator",
                "reference": "74c260cf684be9fd7601879a36c3efd298b2d942"
            },
            "require": {
                "dvikan/simple-parts": "dev-master",
                "erusev/parsedown": "^1.7",
                "ext-json": "*",
                "ext-mbstring": "*",
                "ext-simplexml": "*"
            },
            "bin": [
                "bin/generate",
                "bin/router"
            ],
            "type": "library",
            "autoload": {
                "psr-4": {
                    "dvikan\\SimpleStaticSiteGenerator\\": "src/"
                }
            },
            "license": [
                "MIT"
            ],
            "authors": [
                {
                    "name": "Dag",
                    "email": "me@dvikan.no"
                }
            ],
            "description": "A simple library for generating html files from markdown files",
            "transport-options": {
                "relative": true
            }
        },
        {
            "name": "erusev/parsedown",
            "version": "1.8.0-beta-7",
            "source": {
                "type": "git",
                "url": "https://github.com/erusev/parsedown.git",
                "reference": "fe7a50eceb4a3c867cc9fa9c0aa906b1067d1955"
            },
            "dist": {
                "type": "zip",
                "url": "https://api.github.com/repos/erusev/parsedown/zipball/fe7a50eceb4a3c867cc9fa9c0aa906b1067d1955",
                "reference": "fe7a50eceb4a3c867cc9fa9c0aa906b1067d1955",
                "shasum": ""
            },
            "require": {
                "ext-mbstring": "*",
                "php": ">=5.3.0"
            },
            "require-dev": {
                "phpunit/phpunit": "^4.8.35"
            },
            "type": "library",
            "autoload": {
                "psr-0": {
                    "Parsedown": ""
                }
            },
            "notification-url": "https://packagist.org/downloads/",
            "license": [
                "MIT"
            ],
            "authors": [
                {
                    "name": "Emanuil Rusev",
                    "email": "hello@erusev.com",
                    "homepage": "http://erusev.com"
                }
            ],
            "description": "Parser for Markdown.",
            "homepage": "http://parsedown.org",
            "keywords": [
                "markdown",
                "parser"
            ],
            "support": {
                "issues": "https://github.com/erusev/parsedown/issues",
                "source": "https://github.com/erusev/parsedown/tree/1.8.0-beta-7"
            },
            "time": "2019-03-17T18:47:21+00:00"
        }
    ],
    "packages-dev": [],
    "aliases": [],
    "minimum-stability": "dev",
    "stability-flags": {
        "dvikan/simple-static-site-generator": 20
    },
    "prefer-stable": false,
    "prefer-lowest": false,
    "platform": [],
    "platform-dev": [],
    "plugin-api-version": "2.0.0"
}
